
Microsoft Visual Studio Solution File, Format Version 12.00
# Visual Studio 14
VisualStudioVersion = 14.0.25123.0
MinimumVisualStudioVersion = 10.0.40219.1
Project("{FAE04EC0-301F-11D3-BF4B-00C04F79EFBC}") = "9_Reinas", "9_Reinas\9_Reinas.csproj", "{08A44DC3-E743-419A-AA98-A2F04D2137B0}"
EndProject
Global
	GlobalSection(SolutionConfigurationPlatforms) = preSolution
		Debug|Any CPU = Debug|Any CPU
		Release|Any CPU = Release|Any CPU
	EndGlobalSection
	GlobalSection(ProjectConfigurationPlatforms) = postSolution
		{08A44DC3-E743-419A-AA98-A2F04D2137B0}.Debug|Any CPU.ActiveCfg = Debug|Any CPU
		{08A44DC3-E743-419A-AA98-A2F04D2137B0}.Debug|Any CPU.Build.0 = Debug|Any CPU
		{08A44DC3-E743-419A-AA98-A2F04D2137B0}.Release|Any CPU.ActiveCfg = Release|Any CPU
		{08A44DC3-E743-419A-AA98-A2F04D2137B0}.Release|Any CPU.Build.0 = Release|Any CPU
	EndGlobalSection
	GlobalSection(SolutionProperties) = preSolution
		HideSolutionNode = FALSE
	EndGlobalSection
EndGlobal
